schema: '2.0'
stages:
  download:
    cmd: python src/autograd_tabular/download.py
    deps:
    - path: src/autograd_tabular/download.py
      hash: md5
      md5: 3e1cf3ea18b0dfc903dcd79be9709126
      size: 399
    outs:
    - path: artifacts/raw/dataset.csv
      hash: md5
      md5: a5b3a169c7fc249e242c3efd28dfa684
      size: 1803026
